<?xml version="1.0" encoding="utf-8"?>
<Project ToolsVersion="4.0" xmlns="http://schemas.microsoft.com/developer/msbuild/2003">
  <ItemGroup>
    <Filter Include="Source Files">
      <UniqueIdentifier>{4FC737F1-C7A5-4376-A066-2A32D752A2FF}</UniqueIdentifier>
      <Extensions>cpp;c;cc;cxx;def;odl;idl;hpj;bat;asm;asmx</Extensions>
    </Filter>
    <Filter Include="Header Files">
      <UniqueIdentifier>{93995380-89BD-4b04-88EB-625FBE52EBFB}</UniqueIdentifier>
      <Extensions>h;hpp;hxx;hm;inl;inc;xsd</Extensions>
    </Filter>
    <Filter Include="Resource Files">
      <UniqueIdentifier>{67DA6AB6-F800-4c08-8B7A-83BB121AAD01}</UniqueIdentifier>
      <Extensions>rc;ico;cur;bmp;dlg;rc2;rct;bin;rgs;gif;jpg;jpeg;jpe;resx;tiff;tif;png;wav</Extensions>
    </Filter>
  </ItemGroup>
  <ItemGroup>
    <ClCompile Include="..\src\JdDrbRtspSrv.cpp">
      <Filter>Source Files</Filter>
    </ClCompile>
    <ClCompile Include="..\src\JdDtcpSnd.cpp">
      <Filter>Source Files</Filter>
    </ClCompile>
    <ClCompile Include="..\src\JdHttpClnt.cpp">
      <Filter>Source Files</Filter>
    </ClCompile>
    <ClCompile Include="..\src\JdNetUtil.cpp">
      <Filter>Source Files</Filter>
    </ClCompile>
    <ClCompile Include="..\src\JdRfc2250.cpp">
      <Filter>Source Files</Filter>
    </ClCompile>
    <ClCompile Include="..\src\JdRtp.cpp">
      <Filter>Source Files</Filter>
    </ClCompile>
    <ClCompile Include="..\src\JdRtspSrv.cpp">
      <Filter>Source Files</Filter>
    </ClCompile>
    <ClCompile Include="..\src\JdStun.cpp">
      <Filter>Source Files</Filter>
    </ClCompile>
    <ClCompile Include="TestRtsSrv.cpp">
      <Filter>Source Files</Filter>
    </ClCompile>
  </ItemGroup>
  <ItemGroup>
    <ClInclude Include="..\include\JdDrbRtspSrv.h">
      <Filter>Header Files</Filter>
    </ClInclude>
    <ClInclude Include="..\include\JdHttpClnt.h">
      <Filter>Header Files</Filter>
    </ClInclude>
    <ClInclude Include="..\include\JdNetUtil.h">
      <Filter>Header Files</Filter>
    </ClInclude>
    <ClInclude Include="..\include\JdRfc2250.h">
      <Filter>Header Files</Filter>
    </ClInclude>
    <ClInclude Include="..\include\JdRtp.h">
      <Filter>Header Files</Filter>
    </ClInclude>
    <ClInclude Include="..\include\JdRtpSnd.h">
      <Filter>Header Files</Filter>
    </ClInclude>
    <ClInclude Include="..\include\JdRtsp.h">
      <Filter>Header Files</Filter>
    </ClInclude>
    <ClInclude Include="..\include\JdRtspSrv.h">
      <Filter>Header Files</Filter>
    </ClInclude>
    <ClInclude Include="..\include\JdSdp.h">
      <Filter>Header Files</Filter>
    </ClInclude>
    <ClInclude Include="..\include\JdStrmSched.h">
      <Filter>Header Files</Filter>
    </ClInclude>
    <ClInclude Include="..\include\JdStun.h">
      <Filter>Header Files</Filter>
    </ClInclude>
    <ClInclude Include="resource.h">
      <Filter>Header Files</Filter>
    </ClInclude>
  </ItemGroup>
  <ItemGroup>
    <ResourceCompile Include="TestRtspSrv.rc">
      <Filter>Resource Files</Filter>
    </ResourceCompile>
  </ItemGroup>
</Project>